{
    "_readme": [
        "This file locks the dependencies of your project to a known state",
        "Read more about it at https://getcomposer.org/doc/01-basic-usage.md#composer-lock-the-lock-file",
        "This file is @generated automatically"
    ],
    "hash": "e0c7ef0006db1da7febb8a4626e8ca25",
    "content-hash": "22b9378e4c053a63793f7c4022a8e4f6",
    "packages": [
        {
            "name": "wapmorgan/mp3info",
            "version": "0.0.3",
            "source": {
                "type": "git",
                "url": "https://github.com/wapmorgan/Mp3Info.git",
                "reference": "1f98fd2316c81e1b67627fd3acf27c12791071ac"
            },
            "dist": {
                "type": "zip",
                "url": "https://api.github.com/repos/wapmorgan/Mp3Info/zipball/1f98fd2316c81e1b67627fd3acf27c12791071ac",
                "reference": "1f98fd2316c81e1b67627fd3acf27c12791071ac",
                "shasum": ""
            },
            "bin": [
                "bin/mp3scan"
            ],
            "type": "library",
            "autoload": {
                "psr-4": {
                    "wapmorgan\\Mp3Info\\": "src/"
                }
            },
            "notification-url": "https://packagist.org/downloads/",
            "license": [
                "GPL-3.0"
            ],
            "description": "The fastest php library to extract mp3 tags & meta information.",
            "keywords": [
                "audio",
                "id3",
                "id3v1",
                "id3v2",
                "mp3",
                "mpeg"
            ],
            "time": "2018-03-19 20:01:04"
        }
    ],
    "packages-dev": [],
    "aliases": [],
    "minimum-stability": "stable",
    "stability-flags": [],
    "prefer-stable": false,
    "prefer-lowest": false,
    "platform": [],
    "platform-dev": []
}
